// !$*UTF8*$!
{
	archiveVersion = 1;
	classes = {
	};
	objectVersion = 50;
	objects = {

/* Begin PBXBuildFile section */
		5E67BD0D2492F4D400998CA4 /* LocationViewCell.swift in Sources */ = {isa = PBXBuildFile; fileRef = 5E67BD0C2492F4D400998CA4 /* LocationViewCell.swift */; };
		5E67BD0F2493E3E400998CA4 /* student location.swift in Sources */ = {isa = PBXBuildFile; fileRef = 5E67BD0E2493E3E400998CA4 /* student location.swift */; };
		5E67BD172494404F00998CA4 /* LocationStudentMapViewController.swift in Sources */ = {isa = PBXBuildFile; fileRef = 5E67BD162494404F00998CA4 /* LocationStudentMapViewController.swift */; };
		5E67BD192497EC8200998CA4 /* Codable.swift in Sources */ = {isa = PBXBuildFile; fileRef = 5E67BD182497EC8200998CA4 /* Codable.swift */; };
		5E67BD1B2499283C00998CA4 /* TableViewController.swift in Sources */ = {isa = PBXBuildFile; fileRef = 5E67BD1A2499283C00998CA4 /* TableViewController.swift */; };
		5E721543246DA5FC00279606 /* AppDelegate.swift in Sources */ = {isa = PBXBuildFile; fileRef = 5E721542246DA5FC00279606 /* AppDelegate.swift */; };
		5E721545246DA5FC00279606 /* SceneDelegate.swift in Sources */ = {isa = PBXBuildFile; fileRef = 5E721544246DA5FC00279606 /* SceneDelegate.swift */; };
		5E72154C246DA60000279606 /* Assets.xcassets in Resources */ = {isa = PBXBuildFile; fileRef = 5E72154B246DA60000279606 /* Assets.xcassets */; };
		5E721557246DA65F00279606 /* Main.storyboard in Resources */ = {isa = PBXBuildFile; fileRef = 5E721556246DA65F00279606 /* Main.storyboard */; };
		5E72155B246DA6BC00279606 /* ViewController.swift in Sources */ = {isa = PBXBuildFile; fileRef = 5E72155A246DA6BC00279606 /* ViewController.swift */; };
		5E72155D246DAE0B00279606 /* LaunchScreen.storyboard in Resources */ = {isa = PBXBuildFile; fileRef = 5E72155C246DAE0A00279606 /* LaunchScreen.storyboard */; };
		5E72155F246DB49400279606 /* MapController.swift in Sources */ = {isa = PBXBuildFile; fileRef = 5E72155E246DB49400279606 /* MapController.swift */; };
		5E8DBC5D248AA810000EB1E1 /* AddLocationViewController.swift in Sources */ = {isa = PBXBuildFile; fileRef = 5E8DBC5C248AA810000EB1E1 /* AddLocationViewController.swift */; };
		5EB2AB0624C7B9FF00595B1E /* Reachability.swift in Sources */ = {isa = PBXBuildFile; fileRef = 5EB2AB0524C7B9FF00595B1E /* Reachability.swift */; };
		5ECBA93224B4F7A9000D0E93 /* StudentPinStruct.swift in Sources */ = {isa = PBXBuildFile; fileRef = 5ECBA93124B4F7A9000D0E93 /* StudentPinStruct.swift */; };
		5ECBA93424B4FC1F000D0E93 /* File.swift in Sources */ = {isa = PBXBuildFile; fileRef = 5ECBA93324B4FC1F000D0E93 /* File.swift */; };
		5EEA225224D8B12B00014529 /* APIManager.swift in Sources */ = {isa = PBXBuildFile; fileRef = 5EEA225124D8B12B00014529 /* APIManager.swift */; };
/* End PBXBuildFile section */

/* Begin PBXFileReference section */
		5E67BD0C2492F4D400998CA4 /* LocationViewCell.swift */ = {isa = PBXFileReference; lastKnownFileType = sourcecode.swift; path = LocationViewCell.swift; sourceTree = "<group>"; };
		5E67BD0E2493E3E400998CA4 /* student location.swift */ = {isa = PBXFileReference; lastKnownFileType = sourcecode.swift; path = "student location.swift"; sourceTree = "<group>"; };
		5E67BD162494404F00998CA4 /* LocationStudentMapViewController.swift */ = {isa = PBXFileReference; lastKnownFileType = sourcecode.swift; path = LocationStudentMapViewController.swift; sourceTree = "<group>"; };
		5E67BD182497EC8200998CA4 /* Codable.swift */ = {isa = PBXFileReference; lastKnownFileType = sourcecode.swift; path = Codable.swift; sourceTree = "<group>"; };
		5E67BD1A2499283C00998CA4 /* TableViewController.swift */ = {isa = PBXFileReference; lastKnownFileType = sourcecode.swift; path = TableViewController.swift; sourceTree = "<group>"; };
		5E72153F246DA5FC00279606 /* OnTheMap .app */ = {isa = PBXFileReference; explicitFileType = wrapper.application; includeInIndex = 0; path = "OnTheMap .app"; sourceTree = BUILT_PRODUCTS_DIR; };
		5E721542246DA5FC00279606 /* AppDelegate.swift */ = {isa = PBXFileReference; lastKnownFileType = sourcecode.swift; path = AppDelegate.swift; sourceTree = "<group>"; };
		5E721544246DA5FC00279606 /* SceneDelegate.swift */ = {isa = PBXFileReference; lastKnownFileType = sourcecode.swift; path = SceneDelegate.swift; sourceTree = "<group>"; };
		5E72154B246DA60000279606 /* Assets.xcassets */ = {isa = PBXFileReference; lastKnownFileType = folder.assetcatalog; path = Assets.xcassets; sourceTree = "<group>"; };
		5E721550246DA60000279606 /* Info.plist */ = {isa = PBXFileReference; lastKnownFileType = text.plist.xml; path = Info.plist; sourceTree = "<group>"; };
		5E721556246DA65F00279606 /* Main.storyboard */ = {isa = PBXFileReference; fileEncoding = 4; lastKnownFileType = file.storyboard; path = Main.storyboard; sourceTree = "<group>"; };
		5E72155A246DA6BC00279606 /* ViewController.swift */ = {isa = PBXFileReference; fileEncoding = 4; lastKnownFileType = sourcecode.swift; path = ViewController.swift; sourceTree = "<group>"; };
		5E72155C246DAE0A00279606 /* LaunchScreen.storyboard */ = {isa = PBXFileReference; fileEncoding = 4; lastKnownFileType = file.storyboard; path = LaunchScreen.storyboard; sourceTree = "<group>"; };
		5E72155E246DB49400279606 /* MapController.swift */ = {isa = PBXFileReference; lastKnownFileType = sourcecode.swift; path = MapController.swift; sourceTree = "<group>"; };
		5E8DBC5C248AA810000EB1E1 /* AddLocationViewController.swift */ = {isa = PBXFileReference; lastKnownFileType = sourcecode.swift; path = AddLocationViewController.swift; sourceTree = "<group>"; };
		5EB2AB0524C7B9FF00595B1E /* Reachability.swift */ = {isa = PBXFileReference; fileEncoding = 4; lastKnownFileType = sourcecode.swift; path = Reachability.swift; sourceTree = "<group>"; };
		5ECBA93124B4F7A9000D0E93 /* StudentPinStruct.swift */ = {isa = PBXFileReference; lastKnownFileType = sourcecode.swift; path = StudentPinStruct.swift; sourceTree = "<group>"; };
		5ECBA93324B4FC1F000D0E93 /* File.swift */ = {isa = PBXFileReference; lastKnownFileType = sourcecode.swift; path = File.swift; sourceTree = "<group>"; };
		5EEA225124D8B12B00014529 /* APIManager.swift */ = {isa = PBXFileReference; lastKnownFileType = sourcecode.swift; path = APIManager.swift; sourceTree = "<group>"; };
/* End PBXFileReference section */

/* Begin PBXFrameworksBuildPhase section */
		5E72153C246DA5FC00279606 /* Frameworks */ = {
			isa = PBXFrameworksBuildPhase;
			buildActionMask = 2147483647;
			files = (
			);
			runOnlyForDeploymentPostprocessing = 0;
		};
/* End PBXFrameworksBuildPhase section */

/* Begin PBXGroup section */
		5E721536246DA5FC00279606 = {
			isa = PBXGroup;
			children = (
				5E721541246DA5FC00279606 /* OnTheMap1.0 */,
				5E721540246DA5FC00279606 /* Products */,
			);
			sourceTree = "<group>";
		};
		5E721540246DA5FC00279606 /* Products */ = {
			isa = PBXGroup;
			children = (
				5E72153F246DA5FC00279606 /* OnTheMap .app */,
			);
			name = Products;
			sourceTree = "<group>";
		};
		5E721541246DA5FC00279606 /* OnTheMap1.0 */ = {
			isa = PBXGroup;
			children = (
				5E67BD0C2492F4D400998CA4 /* LocationViewCell.swift */,
				5E721542246DA5FC00279606 /* AppDelegate.swift */,
				5E72155E246DB49400279606 /* MapController.swift */,
				5E721544246DA5FC00279606 /* SceneDelegate.swift */,
				5E72155A246DA6BC00279606 /* ViewController.swift */,
				5E8DBC5C248AA810000EB1E1 /* AddLocationViewController.swift */,
				5ECBA93124B4F7A9000D0E93 /* StudentPinStruct.swift */,
				5E67BD162494404F00998CA4 /* LocationStudentMapViewController.swift */,
				5E67BD1A2499283C00998CA4 /* TableViewController.swift */,
				5E67BD0E2493E3E400998CA4 /* student location.swift */,
				5ECBA93324B4FC1F000D0E93 /* File.swift */,
				5EB2AB0524C7B9FF00595B1E /* Reachability.swift */,
				5E721556246DA65F00279606 /* Main.storyboard */,
				5E72155C246DAE0A00279606 /* LaunchScreen.storyboard */,
				5E72154B246DA60000279606 /* Assets.xcassets */,
				5E721550246DA60000279606 /* Info.plist */,
				5E67BD182497EC8200998CA4 /* Codable.swift */,
				5EEA225124D8B12B00014529 /* APIManager.swift */,
			);
			path = OnTheMap1.0;
			sourceTree = "<group>";
		};
/* End PBXGroup section */

/* Begin PBXNativeTarget section */
		5E72153E246DA5FC00279606 /* OnTheMap1.0 */ = {
			isa = PBXNativeTarget;
			buildConfigurationList = 5E721553246DA60000279606 /* Build configuration list for PBXNativeTarget "OnTheMap1.0" */;
			buildPhases = (
				5E72153B246DA5FC00279606 /* Sources */,
				5E72153C246DA5FC00279606 /* Frameworks */,
				5E72153D246DA5FC00279606 /* Resources */,
			);
			buildRules = (
			);
			dependencies = (
			);
			name = OnTheMap1.0;
			productName = OnTheMap1.0;
			productReference = 5E72153F246DA5FC00279606 /* OnTheMap .app */;
			productType = "com.apple.product-type.application";
		};
/* End PBXNativeTarget section */

/* Begin PBXProject section */
		5E721537246DA5FC00279606 /* Project object */ = {
			isa = PBXProject;
			attributes = {
				LastSwiftUpdateCheck = 1140;
				LastUpgradeCheck = 1140;
				ORGANIZATIONNAME = udacity;
				TargetAttributes = {
					5E72153E246DA5FC00279606 = {
						CreatedOnToolsVersion = 11.4.1;
					};
				};
			};
			buildConfigurationList = 5E72153A246DA5FC00279606 /* Build configuration list for PBXProject "OnTheMap1.0" */;
			compatibilityVersion = "Xcode 9.3";
			developmentRegion = en;
			hasScannedForEncodings = 0;
			knownRegions = (
				en,
				Base,
			);
			mainGroup = 5E721536246DA5FC00279606;
			productRefGroup = 5E721540246DA5FC00279606 /* Products */;
			projectDirPath = "";
			projectRoot = "";
			targets = (
				5E72153E246DA5FC00279606 /* OnTheMap1.0 */,
			);
		};
/* End PBXProject section */

/* Begin PBXResourcesBuildPhase section */
		5E72153D246DA5FC00279606 /* Resources */ = {
			isa = PBXResourcesBuildPhase;
			buildActionMask = 2147483647;
			files = (
				5E72155D246DAE0B00279606 /* LaunchScreen.storyboard in Resources */,
				5E721557246DA65F00279606 /* Main.storyboard in Resources */,
				5E72154C246DA60000279606 /* Assets.xcassets in Resources */,
			);
			runOnlyForDeploymentPostprocessing = 0;
		};
/* End PBXResourcesBuildPhase section */

/* Begin PBXSourcesBuildPhase section */
		5E72153B246DA5FC00279606 /* Sources */ = {
			isa = PBXSourcesBuildPhase;
			buildActionMask = 2147483647;
			files = (
				5E67BD172494404F00998CA4 /* LocationStudentMapViewController.swift in Sources */,
				5E67BD192497EC8200998CA4 /* Codable.swift in Sources */,
				5E67BD0F2493E3E400998CA4 /* student location.swift in Sources */,
				5E67BD1B2499283C00998CA4 /* TableViewController.swift in Sources */,
				5E72155F246DB49400279606 /* MapController.swift in Sources */,
				5E67BD0D2492F4D400998CA4 /* LocationViewCell.swift in Sources */,
				5EEA225224D8B12B00014529 /* APIManager.swift in Sources */,
				5E72155B246DA6BC00279606 /* ViewController.swift in Sources */,
				5E721543246DA5FC00279606 /* AppDelegate.swift in Sources */,
				5ECBA93424B4FC1F000D0E93 /* File.swift in Sources */,
				5ECBA93224B4F7A9000D0E93 /* StudentPinStruct.swift in Sources */,
				5E8DBC5D248AA810000EB1E1 /* AddLocationViewController.swift in Sources */,
				5E721545246DA5FC00279606 /* SceneDelegate.swift in Sources */,
				5EB2AB0624C7B9FF00595B1E /* Reachability.swift in Sources */,
			);
			runOnlyForDeploymentPostprocessing = 0;
		};
/* End PBXSourcesBuildPhase section */

/* Begin XCBuildConfiguration section */
		5E721551246DA60000279606 /* Debug */ = {
			isa = XCBuildConfiguration;
			buildSettings = {
				ALWAYS_SEARCH_USER_PATHS = NO;
				CLANG_ANALYZER_NONNULL = YES;
				CLANG_ANALYZER_NUMBER_OBJECT_CONVERSION = YES_AGGRESSIVE;
				CLANG_CXX_LANGUAGE_STANDARD = "gnu++14";
				CLANG_CXX_LIBRARY = "libc++";
				CLANG_ENABLE_MODULES = YES;
				CLANG_ENABLE_OBJC_ARC = YES;
				CLANG_ENABLE_OBJC_WEAK = YES;
				CLANG_WARN_BLOCK_CAPTURE_AUTORELEASING = YES;
				CLANG_WARN_BOOL_CONVERSION = YES;
				CLANG_WARN_COMMA = YES;
				CLANG_WARN_CONSTANT_CONVERSION = YES;
				CLANG_WARN_DEPRECATED_OBJC_IMPLEMENTATIONS = YES;
				CLANG_WARN_DIRECT_OBJC_ISA_USAGE = YES_ERROR;
				CLANG_WARN_DOCUMENTATION_COMMENTS = YES;
				CLANG_WARN_EMPTY_BODY = YES;
				CLANG_WARN_ENUM_CONVERSION = YES;
				CLANG_WARN_INFINITE_RECURSION = YES;
				CLANG_WARN_INT_CONVERSION = YES;
				CLANG_WARN_NON_LITERAL_NULL_CONVERSION = YES;
				CLANG_WARN_OBJC_IMPLICIT_RETAIN_SELF = YES;
				CLANG_WARN_OBJC_LITERAL_CONVERSION = YES;
				CLANG_WARN_OBJC_ROOT_CLASS = YES_ERROR;
				CLANG_WARN_RANGE_LOOP_ANALYSIS = YES;
				CLANG_WARN_STRICT_PROTOTYPES = YES;
				CLANG_WARN_SUSPICIOUS_MOVE = YES;
				CLANG_WARN_UNGUARDED_AVAILABILITY = YES_AGGRESSIVE;
				CLANG_WARN_UNREACHABLE_CODE = YES;
				CLANG_WARN__DUPLICATE_METHOD_MATCH = YES;
				COPY_PHASE_STRIP = NO;
				DEBUG_INFORMATION_FORMAT = dwarf;
				ENABLE_STRICT_OBJC_MSGSEND = YES;
				ENABLE_TESTABILITY = YES;
				GCC_C_LANGUAGE_STANDARD = gnu11;
				GCC_DYNAMIC_NO_PIC = NO;
				GCC_NO_COMMON_BLOCKS = YES;
				GCC_OPTIMIZATION_LEVEL = 0;
				GCC_PREPROCESSOR_DEFINITIONS = (
					"DEBUG=1",
					"$(inherited)",
				);
				GCC_WARN_64_TO_32_BIT_CONVERSION = YES;
				GCC_WARN_ABOUT_RETURN_TYPE = YES_ERROR;
				GCC_WARN_UNDECLARED_SELECTOR = YES;
				GCC_WARN_UNINITIALIZED_AUTOS = YES_AGGRESSIVE;
				GCC_WARN_UNUSED_FUNCTION = YES;
				GCC_WARN_UNUSED_VARIABLE = YES;
				IPHONEOS_DEPLOYMENT_TARGET = 13.4;
				MTL_ENABLE_DEBUG_INFO = INCLUDE_SOURCE;
				MTL_FAST_MATH = YES;
				ONLY_ACTIVE_ARCH = YES;
				SDKROOT = iphoneos;
				SWIFT_ACTIVE_COMPILATION_CONDITIONS = DEBUG;
				SWIFT_OPTIMIZATION_LEVEL = "-Onone";
			};
			name = Debug;
		};
		5E721552246DA60000279606 /* Release */ = {
			isa = XCBuildConfiguration;
			buildSettings = {
				ALWAYS_SEARCH_USER_PATHS = NO;
				CLANG_ANALYZER_NONNULL = YES;
				CLANG_ANALYZER_NUMBER_OBJECT_CONVERSION = YES_AGGRESSIVE;
				CLANG_CXX_LANGUAGE_STANDARD = "gnu++14";
				CLANG_CXX_LIBRARY = "libc++";
				CLANG_ENABLE_MODULES = YES;
				CLANG_ENABLE_OBJC_ARC = YES;
				CLANG_ENABLE_OBJC_WEAK = YES;
				CLANG_WARN_BLOCK_CAPTURE_AUTORELEASING = YES;
				CLANG_WARN_BOOL_CONVERSION = YES;
				CLANG_WARN_COMMA = YES;
				CLANG_WARN_CONSTANT_CONVERSION = YES;
				CLANG_WARN_DEPRECATED_OBJC_IMPLEMENTATIONS = YES;
				CLANG_WARN_DIRECT_OBJC_ISA_USAGE = YES_ERROR;
				CLANG_WARN_DOCUMENTATION_COMMENTS = YES;
				CLANG_WARN_EMPTY_BODY = YES;
				CLANG_WARN_ENUM_CONVERSION = YES;
				CLANG_WARN_INFINITE_RECURSION = YES;
				CLANG_WARN_INT_CONVERSION = YES;
				CLANG_WARN_NON_LITERAL_NULL_CONVERSION = YES;
				CLANG_WARN_OBJC_IMPLICIT_RETAIN_SELF = YES;
				CLANG_WARN_OBJC_LITERAL_CONVERSION = YES;
				CLANG_WARN_OBJC_ROOT_CLASS = YES_ERROR;
				CLANG_WARN_RANGE_LOOP_ANALYSIS = YES;
				CLANG_WARN_STRICT_PROTOTYPES = YES;
				CLANG_WARN_SUSPICIOUS_MOVE = YES;
				CLANG_WARN_UNGUARDED_AVAILABILITY = YES_AGGRESSIVE;
				CLANG_WARN_UNREACHABLE_CODE = YES;
				CLANG_WARN__DUPLICATE_METHOD_MATCH = YES;
				COPY_PHASE_STRIP = NO;
				DEBUG_INFORMATION_FORMAT = "dwarf-with-dsym";
				ENABLE_NS_ASSERTIONS = NO;
				ENABLE_STRICT_OBJC_MSGSEND = YES;
				GCC_C_LANGUAGE_STANDARD = gnu11;
				GCC_NO_COMMON_BLOCKS = YES;
				GCC_WARN_64_TO_32_BIT_CONVERSION = YES;
				GCC_WARN_ABOUT_RETURN_TYPE = YES_ERROR;
				GCC_WARN_UNDECLARED_SELECTOR = YES;
				GCC_WARN_UNINITIALIZED_AUTOS = YES_AGGRESSIVE;
				GCC_WARN_UNUSED_FUNCTION = YES;
				GCC_WARN_UNUSED_VARIABLE = YES;
				IPHONEOS_DEPLOYMENT_TARGET = 13.4;
				MTL_ENABLE_DEBUG_INFO = NO;
				MTL_FAST_MATH = YES;
				SDKROOT = iphoneos;
				SWIFT_COMPILATION_MODE = wholemodule;
				SWIFT_OPTIMIZATION_LEVEL = "-O";
				VALIDATE_PRODUCT = YES;
			};
			name = Release;
		};
		5E721554246DA60000279606 /* Debug */ = {
			isa = XCBuildConfiguration;
			buildSettings = {
				ASSETCATALOG_COMPILER_APPICON_NAME = AppIcon;
				CODE_SIGN_STYLE = Automatic;
				DEVELOPMENT_TEAM = G7J764EJWQ;
				INFOPLIST_FILE = OnTheMap1.0/Info.plist;
				LD_RUNPATH_SEARCH_PATHS = (
					"$(inherited)",
					"@executable_path/Frameworks",
				);
				PRODUCT_BUNDLE_IDENTIFIER = "com.udacity.OnTheMap1-0";
				PRODUCT_NAME = "OnTheMap ";
				SWIFT_VERSION = 5.0;
				TARGETED_DEVICE_FAMILY = "1,2";
			};
			name = Debug;
		};
		5E721555246DA60000279606 /* Release */ = {
			isa = XCBuildConfiguration;
			buildSettings = {
				ASSETCATALOG_COMPILER_APPICON_NAME = AppIcon;
				CODE_SIGN_STYLE = Automatic;
				DEVELOPMENT_TEAM = G7J764EJWQ;
				INFOPLIST_FILE = OnTheMap1.0/Info.plist;
				LD_RUNPATH_SEARCH_PATHS = (
					"$(inherited)",
					"@executable_path/Frameworks",
				);
				PRODUCT_BUNDLE_IDENTIFIER = "com.udacity.OnTheMap1-0";
				PRODUCT_NAME = "OnTheMap ";
				SWIFT_VERSION = 5.0;
				TARGETED_DEVICE_FAMILY = "1,2";
			};
			name = Release;
		};
/* End XCBuildConfiguration section */

/* Begin XCConfigurationList section */
		5E72153A246DA5FC00279606 /* Build configuration list for PBXProject "OnTheMap1.0" */ = {
			isa = XCConfigurationList;
			buildConfigurations = (
				5E721551246DA60000279606 /* Debug */,
				5E721552246DA60000279606 /* Release */,
			);
			defaultConfigurationIsVisible = 0;
			defaultConfigurationName = Release;
		};
		5E721553246DA60000279606 /* Build configuration list for PBXNativeTarget "OnTheMap1.0" */ = {
			isa = XCConfigurationList;
			buildConfigurations = (
				5E721554246DA60000279606 /* Debug */,
				5E721555246DA60000279606 /* Release */,
			);
			defaultConfigurationIsVisible = 0;
			defaultConfigurationName = Release;
		};
/* End XCConfigurationList section */
	};
	rootObject = 5E721537246DA5FC00279606 /* Project object */;
}
